
Microsoft Visual Studio Solution File, Format Version 12.00
# Visual Studio Version 16
VisualStudioVersion = 16.0.28606.126
MinimumVisualStudioVersion = 10.0.40219.1
Project("{FAE04EC0-301F-11D3-BF4B-00C04F79EFBC}") = "ProjetFinal.FunctionApp", "ProjetFinal.FunctionApp\ProjetFinal.FunctionApp.csproj", "{45115CCC-AE51-4915-88C1-99644C89B770}"
EndProject
Global
	GlobalSection(SolutionConfigurationPlatforms) = preSolution
		Debug|Any CPU = Debug|Any CPU
		Release|Any CPU = Release|Any CPU
	EndGlobalSection
	GlobalSection(ProjectConfigurationPlatforms) = postSolution
		{45115CCC-AE51-4915-88C1-99644C89B770}.Debug|Any CPU.ActiveCfg = Debug|Any CPU
		{45115CCC-AE51-4915-88C1-99644C89B770}.Debug|Any CPU.Build.0 = Debug|Any CPU
		{45115CCC-AE51-4915-88C1-99644C89B770}.Release|Any CPU.ActiveCfg = Release|Any CPU
		{45115CCC-AE51-4915-88C1-99644C89B770}.Release|Any CPU.Build.0 = Release|Any CPU
	EndGlobalSection
	GlobalSection(SolutionProperties) = preSolution
		HideSolutionNode = FALSE
	EndGlobalSection
	GlobalSection(ExtensibilityGlobals) = postSolution
		SolutionGuid = {5A680800-7DBC-48B9-92D5-FEA887B6D497}
	EndGlobalSection
EndGlobal
